
Microsoft Visual Studio Solution File, Format Version 12.00
# Visual Studio Version 17
VisualStudioVersion = 17.11.35219.272
MinimumVisualStudioVersion = 10.0.40219.1
Project("{FAE04EC0-301F-11D3-BF4B-00C04F79EFBC}") = "Sistema di Prenotazioni con Eventi e Priorità", "Sistema di Prenotazioni con Eventi e Priorità\Sistema di Prenotazioni con Eventi e Priorità.csproj", "{1FEAB292-CCF5-416A-BF54-46BAA1387883}"
EndProject
Global
	GlobalSection(SolutionConfigurationPlatforms) = preSolution
		Debug|Any CPU = Debug|Any CPU
		Release|Any CPU = Release|Any CPU
	EndGlobalSection
	GlobalSection(ProjectConfigurationPlatforms) = postSolution
		{1FEAB292-CCF5-416A-BF54-46BAA1387883}.Debug|Any CPU.ActiveCfg = Debug|Any CPU
		{1FEAB292-CCF5-416A-BF54-46BAA1387883}.Debug|Any CPU.Build.0 = Debug|Any CPU
		{1FEAB292-CCF5-416A-BF54-46BAA1387883}.Release|Any CPU.ActiveCfg = Release|Any CPU
		{1FEAB292-CCF5-416A-BF54-46BAA1387883}.Release|Any CPU.Build.0 = Release|Any CPU
	EndGlobalSection
	GlobalSection(SolutionProperties) = preSolution
		HideSolutionNode = FALSE
	EndGlobalSection
	GlobalSection(ExtensibilityGlobals) = postSolution
		SolutionGuid = {EB09CEB0-0530-4C79-9460-7FC15743D3B6}
	EndGlobalSection
EndGlobal
